
Microsoft Visual Studio Solution File, Format Version 12.00
# Visual Studio 2017
Project("{FAE04EC0-301F-11D3-BF4B-00C04F79EFBC}") = "basement@stage1_test2.Plugins", "basement@stage1_test2.Plugins.csproj", "{0B1ABF1D-CB7E-DC09-1BB6-03E521EE81FD}"
EndProject
Project("{FAE04EC0-301F-11D3-BF4B-00C04F79EFBC}") = "basement@stage1_test2", "basement@stage1_test2.csproj", "{079B666D-89A9-1C5B-5FF4-8BCC3BB93BDE}"
EndProject
Project("{FAE04EC0-301F-11D3-BF4B-00C04F79EFBC}") = "basement@stage1_test2.Editor.Plugins", "basement@stage1_test2.Editor.Plugins.csproj", "{A4E5CB74-A197-C08B-BAB4-9BE43C6A2DDC}"
EndProject
Global
	GlobalSection(SolutionConfigurationPlatforms) = preSolution
		Debug|Any CPU = Debug|Any CPU
		Release|Any CPU = Release|Any CPU
	EndGlobalSection
	GlobalSection(ProjectConfigurationPlatforms) = postSolution
		{0B1ABF1D-CB7E-DC09-1BB6-03E521EE81FD}.Debug|Any CPU.ActiveCfg = Debug|Any CPU
		{0B1ABF1D-CB7E-DC09-1BB6-03E521EE81FD}.Debug|Any CPU.Build.0 = Debug|Any CPU
		{0B1ABF1D-CB7E-DC09-1BB6-03E521EE81FD}.Release|Any CPU.ActiveCfg = Release|Any CPU
		{0B1ABF1D-CB7E-DC09-1BB6-03E521EE81FD}.Release|Any CPU.Build.0 = Release|Any CPU
		{079B666D-89A9-1C5B-5FF4-8BCC3BB93BDE}.Debug|Any CPU.ActiveCfg = Debug|Any CPU
		{079B666D-89A9-1C5B-5FF4-8BCC3BB93BDE}.Debug|Any CPU.Build.0 = Debug|Any CPU
		{079B666D-89A9-1C5B-5FF4-8BCC3BB93BDE}.Release|Any CPU.ActiveCfg = Release|Any CPU
		{079B666D-89A9-1C5B-5FF4-8BCC3BB93BDE}.Release|Any CPU.Build.0 = Release|Any CPU
		{A4E5CB74-A197-C08B-BAB4-9BE43C6A2DDC}.Debug|Any CPU.ActiveCfg = Debug|Any CPU
		{A4E5CB74-A197-C08B-BAB4-9BE43C6A2DDC}.Debug|Any CPU.Build.0 = Debug|Any CPU
		{A4E5CB74-A197-C08B-BAB4-9BE43C6A2DDC}.Release|Any CPU.ActiveCfg = Release|Any CPU
		{A4E5CB74-A197-C08B-BAB4-9BE43C6A2DDC}.Release|Any CPU.Build.0 = Release|Any CPU
	EndGlobalSection
	GlobalSection(SolutionProperties) = preSolution
		HideSolutionNode = FALSE
	EndGlobalSection
EndGlobal
